
Microsoft Visual Studio Solution File, Format Version 12.00
# Visual Studio Version 17
VisualStudioVersion = 17.8.34408.163
MinimumVisualStudioVersion = 10.0.40219.1
Project("{FAE04EC0-301F-11D3-BF4B-00C04F79EFBC}") = "ExpressoesMath", "ExpressoesMath\ExpressoesMath.csproj", "{E9C60257-C3ED-4BDA-994B-F54362A56180}"
EndProject
Global
	GlobalSection(SolutionConfigurationPlatforms) = preSolution
		Debug|Any CPU = Debug|Any CPU
		Release|Any CPU = Release|Any CPU
	EndGlobalSection
	GlobalSection(ProjectConfigurationPlatforms) = postSolution
		{E9C60257-C3ED-4BDA-994B-F54362A56180}.Debug|Any CPU.ActiveCfg = Debug|Any CPU
		{E9C60257-C3ED-4BDA-994B-F54362A56180}.Debug|Any CPU.Build.0 = Debug|Any CPU
		{E9C60257-C3ED-4BDA-994B-F54362A56180}.Release|Any CPU.ActiveCfg = Release|Any CPU
		{E9C60257-C3ED-4BDA-994B-F54362A56180}.Release|Any CPU.Build.0 = Release|Any CPU
	EndGlobalSection
	GlobalSection(SolutionProperties) = preSolution
		HideSolutionNode = FALSE
	EndGlobalSection
	GlobalSection(ExtensibilityGlobals) = postSolution
		SolutionGuid = {F12C02F3-F72D-4D01-A006-DCA197D38A05}
	EndGlobalSection
EndGlobal
