
Microsoft Visual Studio Solution File, Format Version 12.00
# Visual Studio Version 17
VisualStudioVersion = 17.8.34408.163
MinimumVisualStudioVersion = 10.0.40219.1
Project("{FAE04EC0-301F-11D3-BF4B-00C04F79EFBC}") = "Exercicio02", "Exercicio02\Exercicio02.csproj", "{9BC6E155-AA4C-49AA-B39F-4CDE1C49BB1D}"
EndProject
Global
	GlobalSection(SolutionConfigurationPlatforms) = preSolution
		Debug|Any CPU = Debug|Any CPU
		Release|Any CPU = Release|Any CPU
	EndGlobalSection
	GlobalSection(ProjectConfigurationPlatforms) = postSolution
		{9BC6E155-AA4C-49AA-B39F-4CDE1C49BB1D}.Debug|Any CPU.ActiveCfg = Debug|Any CPU
		{9BC6E155-AA4C-49AA-B39F-4CDE1C49BB1D}.Debug|Any CPU.Build.0 = Debug|Any CPU
		{9BC6E155-AA4C-49AA-B39F-4CDE1C49BB1D}.Release|Any CPU.ActiveCfg = Release|Any CPU
		{9BC6E155-AA4C-49AA-B39F-4CDE1C49BB1D}.Release|Any CPU.Build.0 = Release|Any CPU
	EndGlobalSection
	GlobalSection(SolutionProperties) = preSolution
		HideSolutionNode = FALSE
	EndGlobalSection
	GlobalSection(ExtensibilityGlobals) = postSolution
		SolutionGuid = {3E823216-887C-4E4C-ADCD-8CB440F6E160}
	EndGlobalSection
EndGlobal
