
Microsoft Visual Studio Solution File, Format Version 12.00
# Visual Studio Version 17
VisualStudioVersion = 17.8.34408.163
MinimumVisualStudioVersion = 10.0.40219.1
Project("{FAE04EC0-301F-11D3-BF4B-00C04F79EFBC}") = "EntradaDeDados", "EntradaDeDados\EntradaDeDados.csproj", "{167050D6-440A-480C-8520-571A218E73C0}"
EndProject
Global
	GlobalSection(SolutionConfigurationPlatforms) = preSolution
		Debug|Any CPU = Debug|Any CPU
		Release|Any CPU = Release|Any CPU
	EndGlobalSection
	GlobalSection(ProjectConfigurationPlatforms) = postSolution
		{167050D6-440A-480C-8520-571A218E73C0}.Debug|Any CPU.ActiveCfg = Debug|Any CPU
		{167050D6-440A-480C-8520-571A218E73C0}.Debug|Any CPU.Build.0 = Debug|Any CPU
		{167050D6-440A-480C-8520-571A218E73C0}.Release|Any CPU.ActiveCfg = Release|Any CPU
		{167050D6-440A-480C-8520-571A218E73C0}.Release|Any CPU.Build.0 = Release|Any CPU
	EndGlobalSection
	GlobalSection(SolutionProperties) = preSolution
		HideSolutionNode = FALSE
	EndGlobalSection
	GlobalSection(ExtensibilityGlobals) = postSolution
		SolutionGuid = {60AD162A-4D6D-4DFA-8486-B24374657A77}
	EndGlobalSection
EndGlobal
