
Microsoft Visual Studio Solution File, Format Version 12.00
# Visual Studio Version 17
VisualStudioVersion = 17.8.34408.163
MinimumVisualStudioVersion = 10.0.40219.1
Project("{FAE04EC0-301F-11D3-BF4B-00C04F79EFBC}") = "Bee1005", "Bee1005\Bee1005.csproj", "{44F803B0-1401-4129-9DE2-DBF5FCE771CD}"
EndProject
Global
	GlobalSection(SolutionConfigurationPlatforms) = preSolution
		Debug|Any CPU = Debug|Any CPU
		Release|Any CPU = Release|Any CPU
	EndGlobalSection
	GlobalSection(ProjectConfigurationPlatforms) = postSolution
		{44F803B0-1401-4129-9DE2-DBF5FCE771CD}.Debug|Any CPU.ActiveCfg = Debug|Any CPU
		{44F803B0-1401-4129-9DE2-DBF5FCE771CD}.Debug|Any CPU.Build.0 = Debug|Any CPU
		{44F803B0-1401-4129-9DE2-DBF5FCE771CD}.Release|Any CPU.ActiveCfg = Release|Any CPU
		{44F803B0-1401-4129-9DE2-DBF5FCE771CD}.Release|Any CPU.Build.0 = Release|Any CPU
	EndGlobalSection
	GlobalSection(SolutionProperties) = preSolution
		HideSolutionNode = FALSE
	EndGlobalSection
	GlobalSection(ExtensibilityGlobals) = postSolution
		SolutionGuid = {0A4324BF-EBAB-4274-90B5-BFDA14623097}
	EndGlobalSection
EndGlobal
