
Microsoft Visual Studio Solution File, Format Version 12.00
# Visual Studio Version 17
VisualStudioVersion = 17.5.002.0
MinimumVisualStudioVersion = 10.0.40219.1
Project("{9A19103F-16F7-4668-BE54-9A1E7A4F7556}") = "Puc", "Puc.csproj", "{E8AA0DA5-3582-4FBD-A0CB-12792D9C2173}"
EndProject
Global
	GlobalSection(SolutionConfigurationPlatforms) = preSolution
		Debug|Any CPU = Debug|Any CPU
		Release|Any CPU = Release|Any CPU
	EndGlobalSection
	GlobalSection(ProjectConfigurationPlatforms) = postSolution
		{E8AA0DA5-3582-4FBD-A0CB-12792D9C2173}.Debug|Any CPU.ActiveCfg = Debug|Any CPU
		{E8AA0DA5-3582-4FBD-A0CB-12792D9C2173}.Debug|Any CPU.Build.0 = Debug|Any CPU
		{E8AA0DA5-3582-4FBD-A0CB-12792D9C2173}.Release|Any CPU.ActiveCfg = Release|Any CPU
		{E8AA0DA5-3582-4FBD-A0CB-12792D9C2173}.Release|Any CPU.Build.0 = Release|Any CPU
	EndGlobalSection
	GlobalSection(SolutionProperties) = preSolution
		HideSolutionNode = FALSE
	EndGlobalSection
	GlobalSection(ExtensibilityGlobals) = postSolution
		SolutionGuid = {BD0DCD70-1B60-482E-AF3F-01C02675D53A}
	EndGlobalSection
EndGlobal
