
Microsoft Visual Studio Solution File, Format Version 12.00
# Visual Studio Version 17
VisualStudioVersion = 17.8.34408.163
MinimumVisualStudioVersion = 10.0.40219.1
Project("{FAE04EC0-301F-11D3-BF4B-00C04F79EFBC}") = "PrimeiroProjeto", "PrimeiroProjeto\PrimeiroProjeto.csproj", "{72FBDCA7-5819-41F9-91E9-E62E6DCE112F}"
EndProject
Global
	GlobalSection(SolutionConfigurationPlatforms) = preSolution
		Debug|Any CPU = Debug|Any CPU
		Release|Any CPU = Release|Any CPU
	EndGlobalSection
	GlobalSection(ProjectConfigurationPlatforms) = postSolution
		{72FBDCA7-5819-41F9-91E9-E62E6DCE112F}.Debug|Any CPU.ActiveCfg = Debug|Any CPU
		{72FBDCA7-5819-41F9-91E9-E62E6DCE112F}.Debug|Any CPU.Build.0 = Debug|Any CPU
		{72FBDCA7-5819-41F9-91E9-E62E6DCE112F}.Release|Any CPU.ActiveCfg = Release|Any CPU
		{72FBDCA7-5819-41F9-91E9-E62E6DCE112F}.Release|Any CPU.Build.0 = Release|Any CPU
	EndGlobalSection
	GlobalSection(SolutionProperties) = preSolution
		HideSolutionNode = FALSE
	EndGlobalSection
	GlobalSection(ExtensibilityGlobals) = postSolution
		SolutionGuid = {D0CC4242-3614-4F9B-A6DA-02F0A0CEA697}
	EndGlobalSection
EndGlobal
