
Microsoft Visual Studio Solution File, Format Version 12.00
# Visual Studio Version 17
VisualStudioVersion = 17.8.34408.163
MinimumVisualStudioVersion = 10.0.40219.1
Project("{FAE04EC0-301F-11D3-BF4B-00C04F79EFBC}") = "Bee001", "Bee001\Bee001.csproj", "{B1BC2C7B-C1BA-4946-BDDC-B6D37162F044}"
EndProject
Global
	GlobalSection(SolutionConfigurationPlatforms) = preSolution
		Debug|Any CPU = Debug|Any CPU
		Release|Any CPU = Release|Any CPU
	EndGlobalSection
	GlobalSection(ProjectConfigurationPlatforms) = postSolution
		{B1BC2C7B-C1BA-4946-BDDC-B6D37162F044}.Debug|Any CPU.ActiveCfg = Debug|Any CPU
		{B1BC2C7B-C1BA-4946-BDDC-B6D37162F044}.Debug|Any CPU.Build.0 = Debug|Any CPU
		{B1BC2C7B-C1BA-4946-BDDC-B6D37162F044}.Release|Any CPU.ActiveCfg = Release|Any CPU
		{B1BC2C7B-C1BA-4946-BDDC-B6D37162F044}.Release|Any CPU.Build.0 = Release|Any CPU
	EndGlobalSection
	GlobalSection(SolutionProperties) = preSolution
		HideSolutionNode = FALSE
	EndGlobalSection
	GlobalSection(ExtensibilityGlobals) = postSolution
		SolutionGuid = {57968ED4-61D7-4A98-A573-04D1E8C2925F}
	EndGlobalSection
EndGlobal
