
Microsoft Visual Studio Solution File, Format Version 12.00
# Visual Studio Version 17
VisualStudioVersion = 17.8.34408.163
MinimumVisualStudioVersion = 10.0.40219.1
Project("{FAE04EC0-301F-11D3-BF4B-00C04F79EFBC}") = "Bee1002", "Bee1002\Bee1002.csproj", "{A583DB8C-0DCF-4A10-A5BB-BFEF24860796}"
EndProject
Global
	GlobalSection(SolutionConfigurationPlatforms) = preSolution
		Debug|Any CPU = Debug|Any CPU
		Release|Any CPU = Release|Any CPU
	EndGlobalSection
	GlobalSection(ProjectConfigurationPlatforms) = postSolution
		{A583DB8C-0DCF-4A10-A5BB-BFEF24860796}.Debug|Any CPU.ActiveCfg = Debug|Any CPU
		{A583DB8C-0DCF-4A10-A5BB-BFEF24860796}.Debug|Any CPU.Build.0 = Debug|Any CPU
		{A583DB8C-0DCF-4A10-A5BB-BFEF24860796}.Release|Any CPU.ActiveCfg = Release|Any CPU
		{A583DB8C-0DCF-4A10-A5BB-BFEF24860796}.Release|Any CPU.Build.0 = Release|Any CPU
	EndGlobalSection
	GlobalSection(SolutionProperties) = preSolution
		HideSolutionNode = FALSE
	EndGlobalSection
	GlobalSection(ExtensibilityGlobals) = postSolution
		SolutionGuid = {E67528A9-3146-4541-B401-D957A17C9D09}
	EndGlobalSection
EndGlobal
